// !$*UTF8*$!
{
	archiveVersion = 1;
	classes = {
	};
	objectVersion = 50;
	objects = {

/* Begin PBXFileReference section */
		FD69411B2200C4FF00D006F7 /* PLChallengeHeadCollectionViewCell.m */ = {isa = PBXFileReference; lastKnownFileType = sourcecode.c.objc; path = PLChallengeHeadCollectionViewCell.m; sourceTree = "<group>"; };
		FD69411C2200C4FF00D006F7 /* PLChallengeRewardCollectionViewCell.h */ = {isa = PBXFileReference; lastKnownFileType = sourcecode.c.h; path = PLChallengeRewardCollectionViewCell.h; sourceTree = "<group>"; };
		FD69411D2200C4FF00D006F7 /* PLChallengeAuthorCollectionViewCell.h */ = {isa = PBXFileReference; lastKnownFileType = sourcecode.c.h; path = PLChallengeAuthorCollectionViewCell.h; sourceTree = "<group>"; };
		FD69411E2200C4FF00D006F7 /* PLChallengeDescriptionCollectionViewCell.h */ = {isa = PBXFileReference; lastKnownFileType = sourcecode.c.h; path = PLChallengeDescriptionCollectionViewCell.h; sourceTree = "<group>"; };
		FD69411F2200C4FF00D006F7 /* PLChallengePostSectionHeader.m */ = {isa = PBXFileReference; lastKnownFileType = sourcecode.c.objc; path = PLChallengePostSectionHeader.m; sourceTree = "<group>"; };
		FD6941202200C4FF00D006F7 /* PLChallengeDetailViewController.h */ = {isa = PBXFileReference; lastKnownFileType = sourcecode.c.h; path = PLChallengeDetailViewController.h; sourceTree = "<group>"; };
		FD6941212200C4FF00D006F7 /* PLChallengeDetailPresenter.h */ = {isa = PBXFileReference; lastKnownFileType = sourcecode.c.h; path = PLChallengeDetailPresenter.h; sourceTree = "<group>"; };
		FD6941222200C4FF00D006F7 /* PLChallengeParticipateCollectionViewCell.h */ = {isa = PBXFileReference; lastKnownFileType = sourcecode.c.h; path = PLChallengeParticipateCollectionViewCell.h; sourceTree = "<group>"; };
		FD6941232200C4FF00D006F7 /* PLChallengeRewardCollectionViewCell.m */ = {isa = PBXFileReference; lastKnownFileType = sourcecode.c.objc; path = PLChallengeRewardCollectionViewCell.m; sourceTree = "<group>"; };
		FD6941242200C4FF00D006F7 /* PLChallengeHeadCollectionViewCell.h */ = {isa = PBXFileReference; lastKnownFileType = sourcecode.c.h; path = PLChallengeHeadCollectionViewCell.h; sourceTree = "<group>"; };
		FD6941252200C4FF00D006F7 /* PLChallengeDetailViewController.m */ = {isa = PBXFileReference; lastKnownFileType = sourcecode.c.objc; path = PLChallengeDetailViewController.m; sourceTree = "<group>"; };
		FD6941262200C4FF00D006F7 /* PLChallengePostSectionHeader.h */ = {isa = PBXFileReference; lastKnownFileType = sourcecode.c.h; path = PLChallengePostSectionHeader.h; sourceTree = "<group>"; };
		FD6941272200C4FF00D006F7 /* PLChallengeDescriptionCollectionViewCell.m */ = {isa = PBXFileReference; lastKnownFileType = sourcecode.c.objc; path = PLChallengeDescriptionCollectionViewCell.m; sourceTree = "<group>"; };
		FD6941282200C4FF00D006F7 /* PLChallengeAuthorCollectionViewCell.m */ = {isa = PBXFileReference; lastKnownFileType = sourcecode.c.objc; path = PLChallengeAuthorCollectionViewCell.m; sourceTree = "<group>"; };
		FD6941292200C4FF00D006F7 /* PLChallengeParticipateCollectionViewCell.m */ = {isa = PBXFileReference; lastKnownFileType = sourcecode.c.objc; path = PLChallengeParticipateCollectionViewCell.m; sourceTree = "<group>"; };
		FD69412A2200C4FF00D006F7 /* PLChallengeDetailPresenter.m */ = {isa = PBXFileReference; lastKnownFileType = sourcecode.c.objc; path = PLChallengeDetailPresenter.m; sourceTree = "<group>"; };
		FD69412C2200C4FF00D006F7 /* PLChallengeDetailItemViewModel.m */ = {isa = PBXFileReference; lastKnownFileType = sourcecode.c.objc; path = PLChallengeDetailItemViewModel.m; sourceTree = "<group>"; };
		FD69412D2200C4FF00D006F7 /* PLChallengeDetailUIModel.m */ = {isa = PBXFileReference; lastKnownFileType = sourcecode.c.objc; path = PLChallengeDetailUIModel.m; sourceTree = "<group>"; };
		FD69412E2200C4FF00D006F7 /* PLChallengeDetailInteractor.m */ = {isa = PBXFileReference; lastKnownFileType = sourcecode.c.objc; path = PLChallengeDetailInteractor.m; sourceTree = "<group>"; };
		FD69412F2200C4FF00D006F7 /* PLChallengeDetailComponent.h */ = {isa = PBXFileReference; lastKnownFileType = sourcecode.c.h; path = PLChallengeDetailComponent.h; sourceTree = "<group>"; };
		FD6941302200C4FF00D006F7 /* PLChallengeDetailProtocols.h */ = {isa = PBXFileReference; lastKnownFileType = sourcecode.c.h; path = PLChallengeDetailProtocols.h; sourceTree = "<group>"; };
		FD6941312200C4FF00D006F7 /* PLChallengeDetailItemViewModel.h */ = {isa = PBXFileReference; lastKnownFileType = sourcecode.c.h; path = PLChallengeDetailItemViewModel.h; sourceTree = "<group>"; };
		FD6941322200C4FF00D006F7 /* PLChallengeDetailUIModel.h */ = {isa = PBXFileReference; lastKnownFileType = sourcecode.c.h; path = PLChallengeDetailUIModel.h; sourceTree = "<group>"; };
		FD6941332200C4FF00D006F7 /* PLChallengeDetailComponent.m */ = {isa = PBXFileReference; lastKnownFileType = sourcecode.c.objc; path = PLChallengeDetailComponent.m; sourceTree = "<group>"; };
		FD6941342200C4FF00D006F7 /* PLChallengeDetailInteractor.h */ = {isa = PBXFileReference; lastKnownFileType = sourcecode.c.h; path = PLChallengeDetailInteractor.h; sourceTree = "<group>"; };
		FD6941352200C50500D006F7 /* Screen Shot 2019-01-29 at 4.16.43 PM.png */ = {isa = PBXFileReference; lastKnownFileType = image.png; path = "Screen Shot 2019-01-29 at 4.16.43 PM.png"; sourceTree = "<group>"; };
		FD6941362200C50500D006F7 /* Screen Shot 2019-01-29 at 8.02.34 PM.png */ = {isa = PBXFileReference; lastKnownFileType = image.png; path = "Screen Shot 2019-01-29 at 8.02.34 PM.png"; sourceTree = "<group>"; };
/* End PBXFileReference section */

/* Begin PBXGroup section */
		FD6941062200C4D600D006F7 = {
			isa = PBXGroup;
			children = (
				FD6941352200C50500D006F7 /* Screen Shot 2019-01-29 at 4.16.43 PM.png */,
				FD6941362200C50500D006F7 /* Screen Shot 2019-01-29 at 8.02.34 PM.png */,
				FD6941192200C4FF00D006F7 /* ChallengeDetail */,
			);
			sourceTree = "<group>";
		};
		FD6941192200C4FF00D006F7 /* ChallengeDetail */ = {
			isa = PBXGroup;
			children = (
				FD69412B2200C4FF00D006F7 /* UIModel */,
				FD69411A2200C4FF00D006F7 /* UIComponents */,
			);
			path = ChallengeDetail;
			sourceTree = "<group>";
		};
		FD69411A2200C4FF00D006F7 /* UIComponents */ = {
			isa = PBXGroup;
			children = (
				FD6941212200C4FF00D006F7 /* PLChallengeDetailPresenter.h */,
				FD69412A2200C4FF00D006F7 /* PLChallengeDetailPresenter.m */,
				FD6941202200C4FF00D006F7 /* PLChallengeDetailViewController.h */,
				FD6941252200C4FF00D006F7 /* PLChallengeDetailViewController.m */,
				FD6941262200C4FF00D006F7 /* PLChallengePostSectionHeader.h */,
				FD69411F2200C4FF00D006F7 /* PLChallengePostSectionHeader.m */,
				FD6941242200C4FF00D006F7 /* PLChallengeHeadCollectionViewCell.h */,
				FD69411B2200C4FF00D006F7 /* PLChallengeHeadCollectionViewCell.m */,
				FD69411C2200C4FF00D006F7 /* PLChallengeRewardCollectionViewCell.h */,
				FD6941232200C4FF00D006F7 /* PLChallengeRewardCollectionViewCell.m */,
				FD69411D2200C4FF00D006F7 /* PLChallengeAuthorCollectionViewCell.h */,
				FD6941282200C4FF00D006F7 /* PLChallengeAuthorCollectionViewCell.m */,
				FD69411E2200C4FF00D006F7 /* PLChallengeDescriptionCollectionViewCell.h */,
				FD6941272200C4FF00D006F7 /* PLChallengeDescriptionCollectionViewCell.m */,
				FD6941222200C4FF00D006F7 /* PLChallengeParticipateCollectionViewCell.h */,
				FD6941292200C4FF00D006F7 /* PLChallengeParticipateCollectionViewCell.m */,
			);
			path = UIComponents;
			sourceTree = "<group>";
		};
		FD69412B2200C4FF00D006F7 /* UIModel */ = {
			isa = PBXGroup;
			children = (
				FD6941302200C4FF00D006F7 /* PLChallengeDetailProtocols.h */,
				FD6941322200C4FF00D006F7 /* PLChallengeDetailUIModel.h */,
				FD69412D2200C4FF00D006F7 /* PLChallengeDetailUIModel.m */,
				FD6941342200C4FF00D006F7 /* PLChallengeDetailInteractor.h */,
				FD69412E2200C4FF00D006F7 /* PLChallengeDetailInteractor.m */,
				FD69412F2200C4FF00D006F7 /* PLChallengeDetailComponent.h */,
				FD6941332200C4FF00D006F7 /* PLChallengeDetailComponent.m */,
				FD6941312200C4FF00D006F7 /* PLChallengeDetailItemViewModel.h */,
				FD69412C2200C4FF00D006F7 /* PLChallengeDetailItemViewModel.m */,
			);
			path = UIModel;
			sourceTree = "<group>";
		};
/* End PBXGroup section */

/* Begin PBXProject section */
		FD6941072200C4D600D006F7 /* Project object */ = {
			isa = PBXProject;
			attributes = {
				LastUpgradeCheck = 1010;
				ORGANIZATIONNAME = hexbert;
			};
			buildConfigurationList = FD69410A2200C4D600D006F7 /* Build configuration list for PBXProject "example" */;
			compatibilityVersion = "Xcode 9.3";
			developmentRegion = en;
			hasScannedForEncodings = 0;
			knownRegions = (
				en,
			);
			mainGroup = FD6941062200C4D600D006F7;
			productRefGroup = FD6941062200C4D600D006F7;
			projectDirPath = "";
			projectRoot = "";
			targets = (
			);
		};
/* End PBXProject section */

/* Begin XCBuildConfiguration section */
		FD6941142200C4D600D006F7 /* Debug */ = {
			isa = XCBuildConfiguration;
			buildSettings = {
				ALWAYS_SEARCH_USER_PATHS = NO;
				CLANG_ANALYZER_NONNULL = YES;
				CLANG_ANALYZER_NUMBER_OBJECT_CONVERSION = YES_AGGRESSIVE;
				CLANG_CXX_LANGUAGE_STANDARD = "gnu++14";
				CLANG_CXX_LIBRARY = "libc++";
				CLANG_ENABLE_MODULES = YES;
				CLANG_ENABLE_OBJC_ARC = YES;
				CLANG_ENABLE_OBJC_WEAK = YES;
				CLANG_WARN_BLOCK_CAPTURE_AUTORELEASING = YES;
				CLANG_WARN_BOOL_CONVERSION = YES;
				CLANG_WARN_COMMA = YES;
				CLANG_WARN_CONSTANT_CONVERSION = YES;
				CLANG_WARN_DEPRECATED_OBJC_IMPLEMENTATIONS = YES;
				CLANG_WARN_DIRECT_OBJC_ISA_USAGE = YES_ERROR;
				CLANG_WARN_DOCUMENTATION_COMMENTS = YES;
				CLANG_WARN_EMPTY_BODY = YES;
				CLANG_WARN_ENUM_CONVERSION = YES;
				CLANG_WARN_INFINITE_RECURSION = YES;
				CLANG_WARN_INT_CONVERSION = YES;
				CLANG_WARN_NON_LITERAL_NULL_CONVERSION = YES;
				CLANG_WARN_OBJC_IMPLICIT_RETAIN_SELF = YES;
				CLANG_WARN_OBJC_LITERAL_CONVERSION = YES;
				CLANG_WARN_OBJC_ROOT_CLASS = YES_ERROR;
				CLANG_WARN_RANGE_LOOP_ANALYSIS = YES;
				CLANG_WARN_STRICT_PROTOTYPES = YES;
				CLANG_WARN_SUSPICIOUS_MOVE = YES;
				CLANG_WARN_UNGUARDED_AVAILABILITY = YES_AGGRESSIVE;
				CLANG_WARN_UNREACHABLE_CODE = YES;
				CLANG_WARN__DUPLICATE_METHOD_MATCH = YES;
				CODE_SIGN_IDENTITY = "Mac Developer";
				COPY_PHASE_STRIP = NO;
				DEBUG_INFORMATION_FORMAT = dwarf;
				ENABLE_STRICT_OBJC_MSGSEND = YES;
				ENABLE_TESTABILITY = YES;
				GCC_C_LANGUAGE_STANDARD = gnu11;
				GCC_DYNAMIC_NO_PIC = NO;
				GCC_NO_COMMON_BLOCKS = YES;
				GCC_OPTIMIZATION_LEVEL = 0;
				GCC_PREPROCESSOR_DEFINITIONS = (
					"DEBUG=1",
					"$(inherited)",
				);
				GCC_WARN_64_TO_32_BIT_CONVERSION = YES;
				GCC_WARN_ABOUT_RETURN_TYPE = YES_ERROR;
				GCC_WARN_UNDECLARED_SELECTOR = YES;
				GCC_WARN_UNINITIALIZED_AUTOS = YES_AGGRESSIVE;
				GCC_WARN_UNUSED_FUNCTION = YES;
				GCC_WARN_UNUSED_VARIABLE = YES;
				MACOSX_DEPLOYMENT_TARGET = 10.13;
				MTL_ENABLE_DEBUG_INFO = INCLUDE_SOURCE;
				MTL_FAST_MATH = YES;
				ONLY_ACTIVE_ARCH = YES;
				SDKROOT = macosx;
			};
			name = Debug;
		};
		FD6941152200C4D600D006F7 /* Release */ = {
			isa = XCBuildConfiguration;
			buildSettings = {
				ALWAYS_SEARCH_USER_PATHS = NO;
				CLANG_ANALYZER_NONNULL = YES;
				CLANG_ANALYZER_NUMBER_OBJECT_CONVERSION = YES_AGGRESSIVE;
				CLANG_CXX_LANGUAGE_STANDARD = "gnu++14";
				CLANG_CXX_LIBRARY = "libc++";
				CLANG_ENABLE_MODULES = YES;
				CLANG_ENABLE_OBJC_ARC = YES;
				CLANG_ENABLE_OBJC_WEAK = YES;
				CLANG_WARN_BLOCK_CAPTURE_AUTORELEASING = YES;
				CLANG_WARN_BOOL_CONVERSION = YES;
				CLANG_WARN_COMMA = YES;
				CLANG_WARN_CONSTANT_CONVERSION = YES;
				CLANG_WARN_DEPRECATED_OBJC_IMPLEMENTATIONS = YES;
				CLANG_WARN_DIRECT_OBJC_ISA_USAGE = YES_ERROR;
				CLANG_WARN_DOCUMENTATION_COMMENTS = YES;
				CLANG_WARN_EMPTY_BODY = YES;
				CLANG_WARN_ENUM_CONVERSION = YES;
				CLANG_WARN_INFINITE_RECURSION = YES;
				CLANG_WARN_INT_CONVERSION = YES;
				CLANG_WARN_NON_LITERAL_NULL_CONVERSION = YES;
				CLANG_WARN_OBJC_IMPLICIT_RETAIN_SELF = YES;
				CLANG_WARN_OBJC_LITERAL_CONVERSION = YES;
				CLANG_WARN_OBJC_ROOT_CLASS = YES_ERROR;
				CLANG_WARN_RANGE_LOOP_ANALYSIS = YES;
				CLANG_WARN_STRICT_PROTOTYPES = YES;
				CLANG_WARN_SUSPICIOUS_MOVE = YES;
				CLANG_WARN_UNGUARDED_AVAILABILITY = YES_AGGRESSIVE;
				CLANG_WARN_UNREACHABLE_CODE = YES;
				CLANG_WARN__DUPLICATE_METHOD_MATCH = YES;
				CODE_SIGN_IDENTITY = "Mac Developer";
				COPY_PHASE_STRIP = NO;
				DEBUG_INFORMATION_FORMAT = "dwarf-with-dsym";
				ENABLE_NS_ASSERTIONS = NO;
				ENABLE_STRICT_OBJC_MSGSEND = YES;
				GCC_C_LANGUAGE_STANDARD = gnu11;
				GCC_NO_COMMON_BLOCKS = YES;
				GCC_WARN_64_TO_32_BIT_CONVERSION = YES;
				GCC_WARN_ABOUT_RETURN_TYPE = YES_ERROR;
				GCC_WARN_UNDECLARED_SELECTOR = YES;
				GCC_WARN_UNINITIALIZED_AUTOS = YES_AGGRESSIVE;
				GCC_WARN_UNUSED_FUNCTION = YES;
				GCC_WARN_UNUSED_VARIABLE = YES;
				MACOSX_DEPLOYMENT_TARGET = 10.13;
				MTL_ENABLE_DEBUG_INFO = NO;
				MTL_FAST_MATH = YES;
				SDKROOT = macosx;
			};
			name = Release;
		};
/* End XCBuildConfiguration section */

/* Begin XCConfigurationList section */
		FD69410A2200C4D600D006F7 /* Build configuration list for PBXProject "example" */ = {
			isa = XCConfigurationList;
			buildConfigurations = (
				FD6941142200C4D600D006F7 /* Debug */,
				FD6941152200C4D600D006F7 /* Release */,
			);
			defaultConfigurationIsVisible = 0;
			defaultConfigurationName = Release;
		};
/* End XCConfigurationList section */
	};
	rootObject = FD6941072200C4D600D006F7 /* Project object */;
}
